
Microsoft Visual Studio Solution File, Format Version 12.00
# Visual Studio Version 16
VisualStudioVersion = 16.0.29324.140
MinimumVisualStudioVersion = 10.0.40219.1
Project("{FAE04EC0-301F-11D3-BF4B-00C04F79EFBC}") = "Lab 11, UML Diagram", "Lab 11, UML Diagram\Lab 11, UML Diagram.csproj", "{E7CA727F-563A-4F73-AB2D-0F6481C4A4CF}"
EndProject
Global
	GlobalSection(SolutionConfigurationPlatforms) = preSolution
		Debug|Any CPU = Debug|Any CPU
		Release|Any CPU = Release|Any CPU
	EndGlobalSection
	GlobalSection(ProjectConfigurationPlatforms) = postSolution
		{E7CA727F-563A-4F73-AB2D-0F6481C4A4CF}.Debug|Any CPU.ActiveCfg = Debug|Any CPU
		{E7CA727F-563A-4F73-AB2D-0F6481C4A4CF}.Debug|Any CPU.Build.0 = Debug|Any CPU
		{E7CA727F-563A-4F73-AB2D-0F6481C4A4CF}.Release|Any CPU.ActiveCfg = Release|Any CPU
		{E7CA727F-563A-4F73-AB2D-0F6481C4A4CF}.Release|Any CPU.Build.0 = Release|Any CPU
	EndGlobalSection
	GlobalSection(SolutionProperties) = preSolution
		HideSolutionNode = FALSE
	EndGlobalSection
	GlobalSection(ExtensibilityGlobals) = postSolution
		SolutionGuid = {EEC36E57-412E-46CA-ADBF-F82EEEEE10BF}
	EndGlobalSection
EndGlobal
